// !$*UTF8*$!
{
	archiveVersion = 1;
	classes = {
	};
	objectVersion = 50;
	objects = {

/* Begin PBXBuildFile section */
		A79FC2FB263A3DFF00C11153 /* AppDelegate.swift in Sources */ = {isa = PBXBuildFile; fileRef = A79FC2FA263A3DFF00C11153 /* AppDelegate.swift */; };
		A79FC2FD263A3DFF00C11153 /* SceneDelegate.swift in Sources */ = {isa = PBXBuildFile; fileRef = A79FC2FC263A3DFF00C11153 /* SceneDelegate.swift */; };
		A79FC2FF263A3DFF00C11153 /* ViewController.swift in Sources */ = {isa = PBXBuildFile; fileRef = A79FC2FE263A3DFF00C11153 /* ViewController.swift */; };
		A79FC302263A3DFF00C11153 /* Main.storyboard in Resources */ = {isa = PBXBuildFile; fileRef = A79FC300263A3DFF00C11153 /* Main.storyboard */; };
		A79FC304263A3E0000C11153 /* Assets.xcassets in Resources */ = {isa = PBXBuildFile; fileRef = A79FC303263A3E0000C11153 /* Assets.xcassets */; };
		A79FC307263A3E0000C11153 /* LaunchScreen.storyboard in Resources */ = {isa = PBXBuildFile; fileRef = A79FC305263A3E0000C11153 /* LaunchScreen.storyboard */; };
		A79FC312263A3E0000C11153 /* lab09Tests.swift in Sources */ = {isa = PBXBuildFile; fileRef = A79FC311263A3E0000C11153 /* lab09Tests.swift */; };
		A79FC31D263A3E0000C11153 /* lab09UITests.swift in Sources */ = {isa = PBXBuildFile; fileRef = A79FC31C263A3E0000C11153 /* lab09UITests.swift */; };
/* End PBXBuildFile section */

/* Begin PBXContainerItemProxy section */
		A79FC30E263A3E0000C11153 /* PBXContainerItemProxy */ = {
			isa = PBXContainerItemProxy;
			containerPortal = A79FC2EF263A3DFF00C11153 /* Project object */;
			proxyType = 1;
			remoteGlobalIDString = A79FC2F6263A3DFF00C11153;
			remoteInfo = lab09;
		};
		A79FC319263A3E0000C11153 /* PBXContainerItemProxy */ = {
			isa = PBXContainerItemProxy;
			containerPortal = A79FC2EF263A3DFF00C11153 /* Project object */;
			proxyType = 1;
			remoteGlobalIDString = A79FC2F6263A3DFF00C11153;
			remoteInfo = lab09;
		};
/* End PBXContainerItemProxy section */

/* Begin PBXFileReference section */
		A79FC2F7263A3DFF00C11153 /* lab09.app */ = {isa = PBXFileReference; explicitFileType = wrapper.application; includeInIndex = 0; path = lab09.app; sourceTree = BUILT_PRODUCTS_DIR; };
		A79FC2FA263A3DFF00C11153 /* AppDelegate.swift */ = {isa = PBXFileReference; lastKnownFileType = sourcecode.swift; path = AppDelegate.swift; sourceTree = "<group>"; };
		A79FC2FC263A3DFF00C11153 /* SceneDelegate.swift */ = {isa = PBXFileReference; lastKnownFileType = sourcecode.swift; path = SceneDelegate.swift; sourceTree = "<group>"; };
		A79FC2FE263A3DFF00C11153 /* ViewController.swift */ = {isa = PBXFileReference; lastKnownFileType = sourcecode.swift; path = ViewController.swift; sourceTree = "<group>"; };
		A79FC301263A3DFF00C11153 /* Base */ = {isa = PBXFileReference; lastKnownFileType = file.storyboard; name = Base; path = Base.lproj/Main.storyboard; sourceTree = "<group>"; };
		A79FC303263A3E0000C11153 /* Assets.xcassets */ = {isa = PBXFileReference; lastKnownFileType = folder.assetcatalog; path = Assets.xcassets; sourceTree = "<group>"; };
		A79FC306263A3E0000C11153 /* Base */ = {isa = PBXFileReference; lastKnownFileType = file.storyboard; name = Base; path = Base.lproj/LaunchScreen.storyboard; sourceTree = "<group>"; };
		A79FC308263A3E0000C11153 /* Info.plist */ = {isa = PBXFileReference; lastKnownFileType = text.plist.xml; path = Info.plist; sourceTree = "<group>"; };
		A79FC30D263A3E0000C11153 /* lab09Tests.xctest */ = {isa = PBXFileReference; explicitFileType = wrapper.cfbundle; includeInIndex = 0; path = lab09Tests.xctest; sourceTree = BUILT_PRODUCTS_DIR; };
		A79FC311263A3E0000C11153 /* lab09Tests.swift */ = {isa = PBXFileReference; lastKnownFileType = sourcecode.swift; path = lab09Tests.swift; sourceTree = "<group>"; };
		A79FC313263A3E0000C11153 /* Info.plist */ = {isa = PBXFileReference; lastKnownFileType = text.plist.xml; path = Info.plist; sourceTree = "<group>"; };
		A79FC318263A3E0000C11153 /* lab09UITests.xctest */ = {isa = PBXFileReference; explicitFileType = wrapper.cfbundle; includeInIndex = 0; path = lab09UITests.xctest; sourceTree = BUILT_PRODUCTS_DIR; };
		A79FC31C263A3E0000C11153 /* lab09UITests.swift */ = {isa = PBXFileReference; lastKnownFileType = sourcecode.swift; path = lab09UITests.swift; sourceTree = "<group>"; };
		A79FC31E263A3E0000C11153 /* Info.plist */ = {isa = PBXFileReference; lastKnownFileType = text.plist.xml; path = Info.plist; sourceTree = "<group>"; };
/* End PBXFileReference section */

/* Begin PBXFrameworksBuildPhase section */
		A79FC2F4263A3DFF00C11153 /* Frameworks */ = {
			isa = PBXFrameworksBuildPhase;
			buildActionMask = 2147483647;
			files = (
			);
			runOnlyForDeploymentPostprocessing = 0;
		};
		A79FC30A263A3E0000C11153 /* Frameworks */ = {
			isa = PBXFrameworksBuildPhase;
			buildActionMask = 2147483647;
			files = (
			);
			runOnlyForDeploymentPostprocessing = 0;
		};
		A79FC315263A3E0000C11153 /* Frameworks */ = {
			isa = PBXFrameworksBuildPhase;
			buildActionMask = 2147483647;
			files = (
			);
			runOnlyForDeploymentPostprocessing = 0;
		};
/* End PBXFrameworksBuildPhase section */

/* Begin PBXGroup section */
		A79FC2EE263A3DFF00C11153 = {
			isa = PBXGroup;
			children = (
				A79FC2F9263A3DFF00C11153 /* lab09 */,
				A79FC310263A3E0000C11153 /* lab09Tests */,
				A79FC31B263A3E0000C11153 /* lab09UITests */,
				A79FC2F8263A3DFF00C11153 /* Products */,
			);
			sourceTree = "<group>";
		};
		A79FC2F8263A3DFF00C11153 /* Products */ = {
			isa = PBXGroup;
			children = (
				A79FC2F7263A3DFF00C11153 /* lab09.app */,
				A79FC30D263A3E0000C11153 /* lab09Tests.xctest */,
				A79FC318263A3E0000C11153 /* lab09UITests.xctest */,
			);
			name = Products;
			sourceTree = "<group>";
		};
		A79FC2F9263A3DFF00C11153 /* lab09 */ = {
			isa = PBXGroup;
			children = (
				A79FC2FA263A3DFF00C11153 /* AppDelegate.swift */,
				A79FC2FC263A3DFF00C11153 /* SceneDelegate.swift */,
				A79FC2FE263A3DFF00C11153 /* ViewController.swift */,
				A79FC300263A3DFF00C11153 /* Main.storyboard */,
				A79FC303263A3E0000C11153 /* Assets.xcassets */,
				A79FC305263A3E0000C11153 /* LaunchScreen.storyboard */,
				A79FC308263A3E0000C11153 /* Info.plist */,
			);
			path = lab09;
			sourceTree = "<group>";
		};
		A79FC310263A3E0000C11153 /* lab09Tests */ = {
			isa = PBXGroup;
			children = (
				A79FC311263A3E0000C11153 /* lab09Tests.swift */,
				A79FC313263A3E0000C11153 /* Info.plist */,
			);
			path = lab09Tests;
			sourceTree = "<group>";
		};
		A79FC31B263A3E0000C11153 /* lab09UITests */ = {
			isa = PBXGroup;
			children = (
				A79FC31C263A3E0000C11153 /* lab09UITests.swift */,
				A79FC31E263A3E0000C11153 /* Info.plist */,
			);
			path = lab09UITests;
			sourceTree = "<group>";
		};
/* End PBXGroup section */

/* Begin PBXNativeTarget section */
		A79FC2F6263A3DFF00C11153 /* lab09 */ = {
			isa = PBXNativeTarget;
			buildConfigurationList = A79FC321263A3E0000C11153 /* Build configuration list for PBXNativeTarget "lab09" */;
			buildPhases = (
				A79FC2F3263A3DFF00C11153 /* Sources */,
				A79FC2F4263A3DFF00C11153 /* Frameworks */,
				A79FC2F5263A3DFF00C11153 /* Resources */,
			);
			buildRules = (
			);
			dependencies = (
			);
			name = lab09;
			productName = lab09;
			productReference = A79FC2F7263A3DFF00C11153 /* lab09.app */;
			productType = "com.apple.product-type.application";
		};
		A79FC30C263A3E0000C11153 /* lab09Tests */ = {
			isa = PBXNativeTarget;
			buildConfigurationList = A79FC324263A3E0000C11153 /* Build configuration list for PBXNativeTarget "lab09Tests" */;
			buildPhases = (
				A79FC309263A3E0000C11153 /* Sources */,
				A79FC30A263A3E0000C11153 /* Frameworks */,
				A79FC30B263A3E0000C11153 /* Resources */,
			);
			buildRules = (
			);
			dependencies = (
				A79FC30F263A3E0000C11153 /* PBXTargetDependency */,
			);
			name = lab09Tests;
			productName = lab09Tests;
			productReference = A79FC30D263A3E0000C11153 /* lab09Tests.xctest */;
			productType = "com.apple.product-type.bundle.unit-test";
		};
		A79FC317263A3E0000C11153 /* lab09UITests */ = {
			isa = PBXNativeTarget;
			buildConfigurationList = A79FC327263A3E0000C11153 /* Build configuration list for PBXNativeTarget "lab09UITests" */;
			buildPhases = (
				A79FC314263A3E0000C11153 /* Sources */,
				A79FC315263A3E0000C11153 /* Frameworks */,
				A79FC316263A3E0000C11153 /* Resources */,
			);
			buildRules = (
			);
			dependencies = (
				A79FC31A263A3E0000C11153 /* PBXTargetDependency */,
			);
			name = lab09UITests;
			productName = lab09UITests;
			productReference = A79FC318263A3E0000C11153 /* lab09UITests.xctest */;
			productType = "com.apple.product-type.bundle.ui-testing";
		};
/* End PBXNativeTarget section */

/* Begin PBXProject section */
		A79FC2EF263A3DFF00C11153 /* Project object */ = {
			isa = PBXProject;
			attributes = {
				LastSwiftUpdateCheck = 1240;
				LastUpgradeCheck = 1240;
				TargetAttributes = {
					A79FC2F6263A3DFF00C11153 = {
						CreatedOnToolsVersion = 12.4;
					};
					A79FC30C263A3E0000C11153 = {
						CreatedOnToolsVersion = 12.4;
						TestTargetID = A79FC2F6263A3DFF00C11153;
					};
					A79FC317263A3E0000C11153 = {
						CreatedOnToolsVersion = 12.4;
						TestTargetID = A79FC2F6263A3DFF00C11153;
					};
				};
			};
			buildConfigurationList = A79FC2F2263A3DFF00C11153 /* Build configuration list for PBXProject "lab09" */;
			compatibilityVersion = "Xcode 9.3";
			developmentRegion = en;
			hasScannedForEncodings = 0;
			knownRegions = (
				en,
				Base,
			);
			mainGroup = A79FC2EE263A3DFF00C11153;
			productRefGroup = A79FC2F8263A3DFF00C11153 /* Products */;
			projectDirPath = "";
			projectRoot = "";
			targets = (
				A79FC2F6263A3DFF00C11153 /* lab09 */,
				A79FC30C263A3E0000C11153 /* lab09Tests */,
				A79FC317263A3E0000C11153 /* lab09UITests */,
			);
		};
/* End PBXProject section */

/* Begin PBXResourcesBuildPhase section */
		A79FC2F5263A3DFF00C11153 /* Resources */ = {
			isa = PBXResourcesBuildPhase;
			buildActionMask = 2147483647;
			files = (
				A79FC307263A3E0000C11153 /* LaunchScreen.storyboard in Resources */,
				A79FC304263A3E0000C11153 /* Assets.xcassets in Resources */,
				A79FC302263A3DFF00C11153 /* Main.storyboard in Resources */,
			);
			runOnlyForDeploymentPostprocessing = 0;
		};
		A79FC30B263A3E0000C11153 /* Resources */ = {
			isa = PBXResourcesBuildPhase;
			buildActionMask = 2147483647;
			files = (
			);
			runOnlyForDeploymentPostprocessing = 0;
		};
		A79FC316263A3E0000C11153 /* Resources */ = {
			isa = PBXResourcesBuildPhase;
			buildActionMask = 2147483647;
			files = (
			);
			runOnlyForDeploymentPostprocessing = 0;
		};
/* End PBXResourcesBuildPhase section */

/* Begin PBXSourcesBuildPhase section */
		A79FC2F3263A3DFF00C11153 /* Sources */ = {
			isa = PBXSourcesBuildPhase;
			buildActionMask = 2147483647;
			files = (
				A79FC2FF263A3DFF00C11153 /* ViewController.swift in Sources */,
				A79FC2FB263A3DFF00C11153 /* AppDelegate.swift in Sources */,
				A79FC2FD263A3DFF00C11153 /* SceneDelegate.swift in Sources */,
			);
			runOnlyForDeploymentPostprocessing = 0;
		};
		A79FC309263A3E0000C11153 /* Sources */ = {
			isa = PBXSourcesBuildPhase;
			buildActionMask = 2147483647;
			files = (
				A79FC312263A3E0000C11153 /* lab09Tests.swift in Sources */,
			);
			runOnlyForDeploymentPostprocessing = 0;
		};
		A79FC314263A3E0000C11153 /* Sources */ = {
			isa = PBXSourcesBuildPhase;
			buildActionMask = 2147483647;
			files = (
				A79FC31D263A3E0000C11153 /* lab09UITests.swift in Sources */,
			);
			runOnlyForDeploymentPostprocessing = 0;
		};
/* End PBXSourcesBuildPhase section */

/* Begin PBXTargetDependency section */
		A79FC30F263A3E0000C11153 /* PBXTargetDependency */ = {
			isa = PBXTargetDependency;
			target = A79FC2F6263A3DFF00C11153 /* lab09 */;
			targetProxy = A79FC30E263A3E0000C11153 /* PBXContainerItemProxy */;
		};
		A79FC31A263A3E0000C11153 /* PBXTargetDependency */ = {
			isa = PBXTargetDependency;
			target = A79FC2F6263A3DFF00C11153 /* lab09 */;
			targetProxy = A79FC319263A3E0000C11153 /* PBXContainerItemProxy */;
		};
/* End PBXTargetDependency section */

/* Begin PBXVariantGroup section */
		A79FC300263A3DFF00C11153 /* Main.storyboard */ = {
			isa = PBXVariantGroup;
			children = (
				A79FC301263A3DFF00C11153 /* Base */,
			);
			name = Main.storyboard;
			sourceTree = "<group>";
		};
		A79FC305263A3E0000C11153 /* LaunchScreen.storyboard */ = {
			isa = PBXVariantGroup;
			children = (
				A79FC306263A3E0000C11153 /* Base */,
			);
			name = LaunchScreen.storyboard;
			sourceTree = "<group>";
		};
/* End PBXVariantGroup section */

/* Begin XCBuildConfiguration section */
		A79FC31F263A3E0000C11153 /* Debug */ = {
			isa = XCBuildConfiguration;
			buildSettings = {
				ALWAYS_SEARCH_USER_PATHS = NO;
				CLANG_ANALYZER_NONNULL = YES;
				CLANG_ANALYZER_NUMBER_OBJECT_CONVERSION = YES_AGGRESSIVE;
				CLANG_CXX_LANGUAGE_STANDARD = "gnu++14";
				CLANG_CXX_LIBRARY = "libc++";
				CLANG_ENABLE_MODULES = YES;
				CLANG_ENABLE_OBJC_ARC = YES;
				CLANG_ENABLE_OBJC_WEAK = YES;
				CLANG_WARN_BLOCK_CAPTURE_AUTORELEASING = YES;
				CLANG_WARN_BOOL_CONVERSION = YES;
				CLANG_WARN_COMMA = YES;
				CLANG_WARN_CONSTANT_CONVERSION = YES;
				CLANG_WARN_DEPRECATED_OBJC_IMPLEMENTATIONS = YES;
				CLANG_WARN_DIRECT_OBJC_ISA_USAGE = YES_ERROR;
				CLANG_WARN_DOCUMENTATION_COMMENTS = YES;
				CLANG_WARN_EMPTY_BODY = YES;
				CLANG_WARN_ENUM_CONVERSION = YES;
				CLANG_WARN_INFINITE_RECURSION = YES;
				CLANG_WARN_INT_CONVERSION = YES;
				CLANG_WARN_NON_LITERAL_NULL_CONVERSION = YES;
				CLANG_WARN_OBJC_IMPLICIT_RETAIN_SELF = YES;
				CLANG_WARN_OBJC_LITERAL_CONVERSION = YES;
				CLANG_WARN_OBJC_ROOT_CLASS = YES_ERROR;
				CLANG_WARN_QUOTED_INCLUDE_IN_FRAMEWORK_HEADER = YES;
				CLANG_WARN_RANGE_LOOP_ANALYSIS = YES;
				CLANG_WARN_STRICT_PROTOTYPES = YES;
				CLANG_WARN_SUSPICIOUS_MOVE = YES;
				CLANG_WARN_UNGUARDED_AVAILABILITY = YES_AGGRESSIVE;
				CLANG_WARN_UNREACHABLE_CODE = YES;
				CLANG_WARN__DUPLICATE_METHOD_MATCH = YES;
				COPY_PHASE_STRIP = NO;
				DEBUG_INFORMATION_FORMAT = dwarf;
				ENABLE_STRICT_OBJC_MSGSEND = YES;
				ENABLE_TESTABILITY = YES;
				GCC_C_LANGUAGE_STANDARD = gnu11;
				GCC_DYNAMIC_NO_PIC = NO;
				GCC_NO_COMMON_BLOCKS = YES;
				GCC_OPTIMIZATION_LEVEL = 0;
				GCC_PREPROCESSOR_DEFINITIONS = (
					"DEBUG=1",
					"$(inherited)",
				);
				GCC_WARN_64_TO_32_BIT_CONVERSION = YES;
				GCC_WARN_ABOUT_RETURN_TYPE = YES_ERROR;
				GCC_WARN_UNDECLARED_SELECTOR = YES;
				GCC_WARN_UNINITIALIZED_AUTOS = YES_AGGRESSIVE;
				GCC_WARN_UNUSED_FUNCTION = YES;
				GCC_WARN_UNUSED_VARIABLE = YES;
				IPHONEOS_DEPLOYMENT_TARGET = 14.4;
				MTL_ENABLE_DEBUG_INFO = INCLUDE_SOURCE;
				MTL_FAST_MATH = YES;
				ONLY_ACTIVE_ARCH = YES;
				SDKROOT = iphoneos;
				SWIFT_ACTIVE_COMPILATION_CONDITIONS = DEBUG;
				SWIFT_OPTIMIZATION_LEVEL = "-Onone";
			};
			name = Debug;
		};
		A79FC320263A3E0000C11153 /* Release */ = {
			isa = XCBuildConfiguration;
			buildSettings = {
				ALWAYS_SEARCH_USER_PATHS = NO;
				CLANG_ANALYZER_NONNULL = YES;
				CLANG_ANALYZER_NUMBER_OBJECT_CONVERSION = YES_AGGRESSIVE;
				CLANG_CXX_LANGUAGE_STANDARD = "gnu++14";
				CLANG_CXX_LIBRARY = "libc++";
				CLANG_ENABLE_MODULES = YES;
				CLANG_ENABLE_OBJC_ARC = YES;
				CLANG_ENABLE_OBJC_WEAK = YES;
				CLANG_WARN_BLOCK_CAPTURE_AUTORELEASING = YES;
				CLANG_WARN_BOOL_CONVERSION = YES;
				CLANG_WARN_COMMA = YES;
				CLANG_WARN_CONSTANT_CONVERSION = YES;
				CLANG_WARN_DEPRECATED_OBJC_IMPLEMENTATIONS = YES;
				CLANG_WARN_DIRECT_OBJC_ISA_USAGE = YES_ERROR;
				CLANG_WARN_DOCUMENTATION_COMMENTS = YES;
				CLANG_WARN_EMPTY_BODY = YES;
				CLANG_WARN_ENUM_CONVERSION = YES;
				CLANG_WARN_INFINITE_RECURSION = YES;
				CLANG_WARN_INT_CONVERSION = YES;
				CLANG_WARN_NON_LITERAL_NULL_CONVERSION = YES;
				CLANG_WARN_OBJC_IMPLICIT_RETAIN_SELF = YES;
				CLANG_WARN_OBJC_LITERAL_CONVERSION = YES;
				CLANG_WARN_OBJC_ROOT_CLASS = YES_ERROR;
				CLANG_WARN_QUOTED_INCLUDE_IN_FRAMEWORK_HEADER = YES;
				CLANG_WARN_RANGE_LOOP_ANALYSIS = YES;
				CLANG_WARN_STRICT_PROTOTYPES = YES;
				CLANG_WARN_SUSPICIOUS_MOVE = YES;
				CLANG_WARN_UNGUARDED_AVAILABILITY = YES_AGGRESSIVE;
				CLANG_WARN_UNREACHABLE_CODE = YES;
				CLANG_WARN__DUPLICATE_METHOD_MATCH = YES;
				COPY_PHASE_STRIP = NO;
				DEBUG_INFORMATION_FORMAT = "dwarf-with-dsym";
				ENABLE_NS_ASSERTIONS = NO;
				ENABLE_STRICT_OBJC_MSGSEND = YES;
				GCC_C_LANGUAGE_STANDARD = gnu11;
				GCC_NO_COMMON_BLOCKS = YES;
				GCC_WARN_64_TO_32_BIT_CONVERSION = YES;
				GCC_WARN_ABOUT_RETURN_TYPE = YES_ERROR;
				GCC_WARN_UNDECLARED_SELECTOR = YES;
				GCC_WARN_UNINITIALIZED_AUTOS = YES_AGGRESSIVE;
				GCC_WARN_UNUSED_FUNCTION = YES;
				GCC_WARN_UNUSED_VARIABLE = YES;
				IPHONEOS_DEPLOYMENT_TARGET = 14.4;
				MTL_ENABLE_DEBUG_INFO = NO;
				MTL_FAST_MATH = YES;
				SDKROOT = iphoneos;
				SWIFT_COMPILATION_MODE = wholemodule;
				SWIFT_OPTIMIZATION_LEVEL = "-O";
				VALIDATE_PRODUCT = YES;
			};
			name = Release;
		};
		A79FC322263A3E0000C11153 /* Debug */ = {
			isa = XCBuildConfiguration;
			buildSettings = {
				ASSETCATALOG_COMPILER_APPICON_NAME = AppIcon;
				ASSETCATALOG_COMPILER_GLOBAL_ACCENT_COLOR_NAME = AccentColor;
				CODE_SIGN_STYLE = Automatic;
				INFOPLIST_FILE = lab09/Info.plist;
				LD_RUNPATH_SEARCH_PATHS = (
					"$(inherited)",
					"@executable_path/Frameworks",
				);
				PRODUCT_BUNDLE_IDENTIFIER = UTS.lab09;
				PRODUCT_NAME = "$(TARGET_NAME)";
				SWIFT_VERSION = 5.0;
				TARGETED_DEVICE_FAMILY = "1,2";
			};
			name = Debug;
		};
		A79FC323263A3E0000C11153 /* Release */ = {
			isa = XCBuildConfiguration;
			buildSettings = {
				ASSETCATALOG_COMPILER_APPICON_NAME = AppIcon;
				ASSETCATALOG_COMPILER_GLOBAL_ACCENT_COLOR_NAME = AccentColor;
				CODE_SIGN_STYLE = Automatic;
				INFOPLIST_FILE = lab09/Info.plist;
				LD_RUNPATH_SEARCH_PATHS = (
					"$(inherited)",
					"@executable_path/Frameworks",
				);
				PRODUCT_BUNDLE_IDENTIFIER = UTS.lab09;
				PRODUCT_NAME = "$(TARGET_NAME)";
				SWIFT_VERSION = 5.0;
				TARGETED_DEVICE_FAMILY = "1,2";
			};
			name = Release;
		};
		A79FC325263A3E0000C11153 /* Debug */ = {
			isa = XCBuildConfiguration;
			buildSettings = {
				ALWAYS_EMBED_SWIFT_STANDARD_LIBRARIES = YES;
				BUNDLE_LOADER = "$(TEST_HOST)";
				CODE_SIGN_STYLE = Automatic;
				INFOPLIST_FILE = lab09Tests/Info.plist;
				IPHONEOS_DEPLOYMENT_TARGET = 14.4;
				LD_RUNPATH_SEARCH_PATHS = (
					"$(inherited)",
					"@executable_path/Frameworks",
					"@loader_path/Frameworks",
				);
				PRODUCT_BUNDLE_IDENTIFIER = UTS.lab09Tests;
				PRODUCT_NAME = "$(TARGET_NAME)";
				SWIFT_VERSION = 5.0;
				TARGETED_DEVICE_FAMILY = "1,2";
				TEST_HOST = "$(BUILT_PRODUCTS_DIR)/lab09.app/lab09";
			};
			name = Debug;
		};
		A79FC326263A3E0000C11153 /* Release */ = {
			isa = XCBuildConfiguration;
			buildSettings = {
				ALWAYS_EMBED_SWIFT_STANDARD_LIBRARIES = YES;
				BUNDLE_LOADER = "$(TEST_HOST)";
				CODE_SIGN_STYLE = Automatic;
				INFOPLIST_FILE = lab09Tests/Info.plist;
				IPHONEOS_DEPLOYMENT_TARGET = 14.4;
				LD_RUNPATH_SEARCH_PATHS = (
					"$(inherited)",
					"@executable_path/Frameworks",
					"@loader_path/Frameworks",
				);
				PRODUCT_BUNDLE_IDENTIFIER = UTS.lab09Tests;
				PRODUCT_NAME = "$(TARGET_NAME)";
				SWIFT_VERSION = 5.0;
				TARGETED_DEVICE_FAMILY = "1,2";
				TEST_HOST = "$(BUILT_PRODUCTS_DIR)/lab09.app/lab09";
			};
			name = Release;
		};
		A79FC328263A3E0000C11153 /* Debug */ = {
			isa = XCBuildConfiguration;
			buildSettings = {
				ALWAYS_EMBED_SWIFT_STANDARD_LIBRARIES = YES;
				CODE_SIGN_STYLE = Automatic;
				INFOPLIST_FILE = lab09UITests/Info.plist;
				LD_RUNPATH_SEARCH_PATHS = (
					"$(inherited)",
					"@executable_path/Frameworks",
					"@loader_path/Frameworks",
				);
				PRODUCT_BUNDLE_IDENTIFIER = UTS.lab09UITests;
				PRODUCT_NAME = "$(TARGET_NAME)";
				SWIFT_VERSION = 5.0;
				TARGETED_DEVICE_FAMILY = "1,2";
				TEST_TARGET_NAME = lab09;
			};
			name = Debug;
		};
		A79FC329263A3E0000C11153 /* Release */ = {
			isa = XCBuildConfiguration;
			buildSettings = {
				ALWAYS_EMBED_SWIFT_STANDARD_LIBRARIES = YES;
				CODE_SIGN_STYLE = Automatic;
				INFOPLIST_FILE = lab09UITests/Info.plist;
				LD_RUNPATH_SEARCH_PATHS = (
					"$(inherited)",
					"@executable_path/Frameworks",
					"@loader_path/Frameworks",
				);
				PRODUCT_BUNDLE_IDENTIFIER = UTS.lab09UITests;
				PRODUCT_NAME = "$(TARGET_NAME)";
				SWIFT_VERSION = 5.0;
				TARGETED_DEVICE_FAMILY = "1,2";
				TEST_TARGET_NAME = lab09;
			};
			name = Release;
		};
/* End XCBuildConfiguration section */

/* Begin XCConfigurationList section */
		A79FC2F2263A3DFF00C11153 /* Build configuration list for PBXProject "lab09" */ = {
			isa = XCConfigurationList;
			buildConfigurations = (
				A79FC31F263A3E0000C11153 /* Debug */,
				A79FC320263A3E0000C11153 /* Release */,
			);
			defaultConfigurationIsVisible = 0;
			defaultConfigurationName = Release;
		};
		A79FC321263A3E0000C11153 /* Build configuration list for PBXNativeTarget "lab09" */ = {
			isa = XCConfigurationList;
			buildConfigurations = (
				A79FC322263A3E0000C11153 /* Debug */,
				A79FC323263A3E0000C11153 /* Release */,
			);
			defaultConfigurationIsVisible = 0;
			defaultConfigurationName = Release;
		};
		A79FC324263A3E0000C11153 /* Build configuration list for PBXNativeTarget "lab09Tests" */ = {
			isa = XCConfigurationList;
			buildConfigurations = (
				A79FC325263A3E0000C11153 /* Debug */,
				A79FC326263A3E0000C11153 /* Release */,
			);
			defaultConfigurationIsVisible = 0;
			defaultConfigurationName = Release;
		};
		A79FC327263A3E0000C11153 /* Build configuration list for PBXNativeTarget "lab09UITests" */ = {
			isa = XCConfigurationList;
			buildConfigurations = (
				A79FC328263A3E0000C11153 /* Debug */,
				A79FC329263A3E0000C11153 /* Release */,
			);
			defaultConfigurationIsVisible = 0;
			defaultConfigurationName = Release;
		};
/* End XCConfigurationList section */
	};
	rootObject = A79FC2EF263A3DFF00C11153 /* Project object */;
}
